
Microsoft Visual Studio Solution File, Format Version 12.00
# Visual Studio Version 16
VisualStudioVersion = 16.0.810.8
MinimumVisualStudioVersion = 10.0.40219.1
Project("{FAE04EC0-301F-11D3-BF4B-00C04F79EFBC}") = "HelloBank", "HelloBank\HelloBank.csproj", "{11022623-C852-442E-B77D-A1A26430E427}"
EndProject
Project("{FAE04EC0-301F-11D3-BF4B-00C04F79EFBC}") = "HelloBankTest", "HelloBankTest\HelloBankTest.csproj", "{C5FA592F-CC09-480F-83E6-118C62138D61}"
EndProject
Global
	GlobalSection(SolutionConfigurationPlatforms) = preSolution
		Debug|Any CPU = Debug|Any CPU
		Release|Any CPU = Release|Any CPU
	EndGlobalSection
	GlobalSection(ProjectConfigurationPlatforms) = postSolution
		{11022623-C852-442E-B77D-A1A26430E427}.Debug|Any CPU.ActiveCfg = Debug|Any CPU
		{11022623-C852-442E-B77D-A1A26430E427}.Debug|Any CPU.Build.0 = Debug|Any CPU
		{11022623-C852-442E-B77D-A1A26430E427}.Release|Any CPU.ActiveCfg = Release|Any CPU
		{11022623-C852-442E-B77D-A1A26430E427}.Release|Any CPU.Build.0 = Release|Any CPU
		{C5FA592F-CC09-480F-83E6-118C62138D61}.Debug|Any CPU.ActiveCfg = Debug|Any CPU
		{C5FA592F-CC09-480F-83E6-118C62138D61}.Debug|Any CPU.Build.0 = Debug|Any CPU
		{C5FA592F-CC09-480F-83E6-118C62138D61}.Release|Any CPU.ActiveCfg = Release|Any CPU
		{C5FA592F-CC09-480F-83E6-118C62138D61}.Release|Any CPU.Build.0 = Release|Any CPU
	EndGlobalSection
	GlobalSection(SolutionProperties) = preSolution
		HideSolutionNode = FALSE
	EndGlobalSection
	GlobalSection(ExtensibilityGlobals) = postSolution
		SolutionGuid = {60032D4E-3944-4F53-B94B-48D6D895126F}
	EndGlobalSection
EndGlobal
